// !$*UTF8*$!
{
	archiveVersion = 1;
	classes = {
	};
	objectVersion = 50;
	objects = {

/* Begin PBXBuildFile section */
		1CB34EE3CBA3F181D99D0E7E /* libPods-ShelfieUITests.a in Frameworks */ = {isa = PBXBuildFile; fileRef = 0F719773C09E2D8DE0D6E7A7 /* libPods-ShelfieUITests.a */; };
		1DBB1563D08D47B1F56AF237 /* libPods-ShelfieTests.a in Frameworks */ = {isa = PBXBuildFile; fileRef = B92B7D26D69A1813814CB93A /* libPods-ShelfieTests.a */; };
		71D688D6EDFCE2C170FC9AB9 /* libPods-Shelfie.a in Frameworks */ = {isa = PBXBuildFile; fileRef = EF91916D5EC8BB09BF43594A /* libPods-Shelfie.a */; };
		A488EEA0210FD1910074B42A /* BTFbAPIManager.m in Sources */ = {isa = PBXBuildFile; fileRef = A488EE9F210FD1910074B42A /* BTFbAPIManager.m */; };
		B163B48B2110D478007C5ADB /* BTLoginViewController.m in Sources */ = {isa = PBXBuildFile; fileRef = B163B4892110D478007C5ADB /* BTLoginViewController.m */; };
		B163B48E2110D48B007C5ADB /* BTAddBookViewController.m in Sources */ = {isa = PBXBuildFile; fileRef = B163B48C2110D48B007C5ADB /* BTAddBookViewController.m */; };
		B197F831210A6E10004805D8 /* BTSideTableViewController.m in Sources */ = {isa = PBXBuildFile; fileRef = B197F830210A6E10004805D8 /* BTSideTableViewController.m */; };
		B197F842210A8254004805D8 /* BTProfileViewController.m in Sources */ = {isa = PBXBuildFile; fileRef = B197F841210A8254004805D8 /* BTProfileViewController.m */; };
		CEA6B274210B9E4C009860C4 /* BTBook.m in Sources */ = {isa = PBXBuildFile; fileRef = CEA6B273210B9E4C009860C4 /* BTBook.m */; };
		CEA6B279210BCBC7009860C4 /* BTBookAPIManager.m in Sources */ = {isa = PBXBuildFile; fileRef = CEA6B278210BCBC7009860C4 /* BTBookAPIManager.m */; };
		CEA6B280210BD256009860C4 /* BTPostManager.m in Sources */ = {isa = PBXBuildFile; fileRef = CEA6B27F210BD256009860C4 /* BTPostManager.m */; };
		CEA6B283210BD461009860C4 /* BTBookBaseViewController.m in Sources */ = {isa = PBXBuildFile; fileRef = CEA6B282210BD461009860C4 /* BTBookBaseViewController.m */; };
		CEA6B286210BDC83009860C4 /* BTRevealHeadViewController.m in Sources */ = {isa = PBXBuildFile; fileRef = CEA6B285210BDC83009860C4 /* BTRevealHeadViewController.m */; };
		CECB9B96210A4E3C001D2032 /* AppDelegate.m in Sources */ = {isa = PBXBuildFile; fileRef = CECB9B95210A4E3C001D2032 /* AppDelegate.m */; };
		CECB9B99210A4E3C001D2032 /* BTHomeViewController.m in Sources */ = {isa = PBXBuildFile; fileRef = CECB9B98210A4E3C001D2032 /* BTHomeViewController.m */; };
		CECB9B9C210A4E3C001D2032 /* Main.storyboard in Resources */ = {isa = PBXBuildFile; fileRef = CECB9B9A210A4E3C001D2032 /* Main.storyboard */; };
		CECB9B9E210A4E3D001D2032 /* Assets.xcassets in Resources */ = {isa = PBXBuildFile; fileRef = CECB9B9D210A4E3D001D2032 /* Assets.xcassets */; };
		CECB9BA1210A4E3D001D2032 /* LaunchScreen.storyboard in Resources */ = {isa = PBXBuildFile; fileRef = CECB9B9F210A4E3D001D2032 /* LaunchScreen.storyboard */; };
		CECB9BA4210A4E3D001D2032 /* main.m in Sources */ = {isa = PBXBuildFile; fileRef = CECB9BA3210A4E3D001D2032 /* main.m */; };
		CECB9BAE210A4E3D001D2032 /* ShelfieTests.m in Sources */ = {isa = PBXBuildFile; fileRef = CECB9BAD210A4E3D001D2032 /* ShelfieTests.m */; };
		CECB9BB9210A4E3D001D2032 /* ShelfieUITests.m in Sources */ = {isa = PBXBuildFile; fileRef = CECB9BB8210A4E3D001D2032 /* ShelfieUITests.m */; };
		CECC3385210F83600073A8BE /* BTBarcodeViewController.m in Sources */ = {isa = PBXBuildFile; fileRef = CECC3384210F83600073A8BE /* BTBarcodeViewController.m */; };
		CECC3388210FC9B50073A8BE /* GOBook.m in Sources */ = {isa = PBXBuildFile; fileRef = CECC3387210FC9B50073A8BE /* GOBook.m */; };
		CECFB54C210A9F3B00D5C220 /* MapKit.framework in Frameworks */ = {isa = PBXBuildFile; fileRef = CECFB54B210A9F3B00D5C220 /* MapKit.framework */; };
		CECFB552210B99B000D5C220 /* SWRevealViewController.m in Sources */ = {isa = PBXBuildFile; fileRef = CECFB551210B99B000D5C220 /* SWRevealViewController.m */; };
		CEF5C3722110FDC100A33453 /* BTMapViewController.m in Sources */ = {isa = PBXBuildFile; fileRef = CEF5C3712110FDC100A33453 /* BTMapViewController.m */; };
		CEF5C3762110FF3700A33453 /* BTUserDefaults.m in Sources */ = {isa = PBXBuildFile; fileRef = CEF5C3752110FF3700A33453 /* BTUserDefaults.m */; };
		CEF5C37A2111059E00A33453 /* BTUIServices.m in Sources */ = {isa = PBXBuildFile; fileRef = CEF5C3792111059E00A33453 /* BTUIServices.m */; };
		CEF5C37F2111234E00A33453 /* BTGetManager.m in Sources */ = {isa = PBXBuildFile; fileRef = CEF5C37E2111234E00A33453 /* BTGetManager.m */; };
		CEF5C387211126E100A33453 /* PinAnnotation.m in Sources */ = {isa = PBXBuildFile; fileRef = CEF5C386211126E100A33453 /* PinAnnotation.m */; };
/* End PBXBuildFile section */

/* Begin PBXContainerItemProxy section */
		CECB9BAA210A4E3D001D2032 /* PBXContainerItemProxy */ = {
			isa = PBXContainerItemProxy;
			containerPortal = CECB9B89210A4E3C001D2032 /* Project object */;
			proxyType = 1;
			remoteGlobalIDString = CECB9B90210A4E3C001D2032;
			remoteInfo = Shelfie;
		};
		CECB9BB5210A4E3D001D2032 /* PBXContainerItemProxy */ = {
			isa = PBXContainerItemProxy;
			containerPortal = CECB9B89210A4E3C001D2032 /* Project object */;
			proxyType = 1;
			remoteGlobalIDString = CECB9B90210A4E3C001D2032;
			remoteInfo = Shelfie;
		};
/* End PBXContainerItemProxy section */

/* Begin PBXFileReference section */
		0F719773C09E2D8DE0D6E7A7 /* libPods-ShelfieUITests.a */ = {isa = PBXFileReference; explicitFileType = archive.ar; includeInIndex = 0; path = "libPods-ShelfieUITests.a"; sourceTree = BUILT_PRODUCTS_DIR; };
		10813C9F4B276CA39651A6CF /* Pods-Shelfie.debug.xcconfig */ = {isa = PBXFileReference; includeInIndex = 1; lastKnownFileType = text.xcconfig; name = "Pods-Shelfie.debug.xcconfig"; path = "Pods/Target Support Files/Pods-Shelfie/Pods-Shelfie.debug.xcconfig"; sourceTree = "<group>"; };
		4AC6ED6AF88CE7E9EC2CE6EF /* Pods-ShelfieTests.release.xcconfig */ = {isa = PBXFileReference; includeInIndex = 1; lastKnownFileType = text.xcconfig; name = "Pods-ShelfieTests.release.xcconfig"; path = "Pods/Target Support Files/Pods-ShelfieTests/Pods-ShelfieTests.release.xcconfig"; sourceTree = "<group>"; };
		597273F60C3FFCE4839282BC /* Pods-ShelfieUITests.debug.xcconfig */ = {isa = PBXFileReference; includeInIndex = 1; lastKnownFileType = text.xcconfig; name = "Pods-ShelfieUITests.debug.xcconfig"; path = "Pods/Target Support Files/Pods-ShelfieUITests/Pods-ShelfieUITests.debug.xcconfig"; sourceTree = "<group>"; };
		A488EE9E210FD1910074B42A /* BTFbAPIManager.h */ = {isa = PBXFileReference; lastKnownFileType = sourcecode.c.h; path = BTFbAPIManager.h; sourceTree = "<group>"; };
		A488EE9F210FD1910074B42A /* BTFbAPIManager.m */ = {isa = PBXFileReference; lastKnownFileType = sourcecode.c.objc; path = BTFbAPIManager.m; sourceTree = "<group>"; };
		B163B4892110D478007C5ADB /* BTLoginViewController.m */ = {isa = PBXFileReference; fileEncoding = 4; lastKnownFileType = sourcecode.c.objc; path = BTLoginViewController.m; sourceTree = "<group>"; };
		B163B48A2110D478007C5ADB /* BTLoginViewController.h */ = {isa = PBXFileReference; fileEncoding = 4; lastKnownFileType = sourcecode.c.h; path = BTLoginViewController.h; sourceTree = "<group>"; };
		B163B48C2110D48B007C5ADB /* BTAddBookViewController.m */ = {isa = PBXFileReference; fileEncoding = 4; lastKnownFileType = sourcecode.c.objc; path = BTAddBookViewController.m; sourceTree = "<group>"; };
		B163B48D2110D48B007C5ADB /* BTAddBookViewController.h */ = {isa = PBXFileReference; fileEncoding = 4; lastKnownFileType = sourcecode.c.h; path = BTAddBookViewController.h; sourceTree = "<group>"; };
		B197F82F210A6E10004805D8 /* BTSideTableViewController.h */ = {isa = PBXFileReference; lastKnownFileType = sourcecode.c.h; path = BTSideTableViewController.h; sourceTree = "<group>"; };
		B197F830210A6E10004805D8 /* BTSideTableViewController.m */ = {isa = PBXFileReference; lastKnownFileType = sourcecode.c.objc; path = BTSideTableViewController.m; sourceTree = "<group>"; };
		B197F840210A8254004805D8 /* BTProfileViewController.h */ = {isa = PBXFileReference; lastKnownFileType = sourcecode.c.h; path = BTProfileViewController.h; sourceTree = "<group>"; };
		B197F841210A8254004805D8 /* BTProfileViewController.m */ = {isa = PBXFileReference; lastKnownFileType = sourcecode.c.objc; path = BTProfileViewController.m; sourceTree = "<group>"; };
		B736291ADBF925B02B3946E1 /* Pods-ShelfieTests.debug.xcconfig */ = {isa = PBXFileReference; includeInIndex = 1; lastKnownFileType = text.xcconfig; name = "Pods-ShelfieTests.debug.xcconfig"; path = "Pods/Target Support Files/Pods-ShelfieTests/Pods-ShelfieTests.debug.xcconfig"; sourceTree = "<group>"; };
		B92B7D26D69A1813814CB93A /* libPods-ShelfieTests.a */ = {isa = PBXFileReference; explicitFileType = archive.ar; includeInIndex = 0; path = "libPods-ShelfieTests.a"; sourceTree = BUILT_PRODUCTS_DIR; };
		CC44DE9E9A4AAE0149BBFBD3 /* Pods-Shelfie.release.xcconfig */ = {isa = PBXFileReference; includeInIndex = 1; lastKnownFileType = text.xcconfig; name = "Pods-Shelfie.release.xcconfig"; path = "Pods/Target Support Files/Pods-Shelfie/Pods-Shelfie.release.xcconfig"; sourceTree = "<group>"; };
		CEA6B272210B9E4C009860C4 /* BTBook.h */ = {isa = PBXFileReference; lastKnownFileType = sourcecode.c.h; path = BTBook.h; sourceTree = "<group>"; };
		CEA6B273210B9E4C009860C4 /* BTBook.m */ = {isa = PBXFileReference; lastKnownFileType = sourcecode.c.objc; path = BTBook.m; sourceTree = "<group>"; };
		CEA6B277210BCBC7009860C4 /* BTBookAPIManager.h */ = {isa = PBXFileReference; lastKnownFileType = sourcecode.c.h; path = BTBookAPIManager.h; sourceTree = "<group>"; };
		CEA6B278210BCBC7009860C4 /* BTBookAPIManager.m */ = {isa = PBXFileReference; lastKnownFileType = sourcecode.c.objc; path = BTBookAPIManager.m; sourceTree = "<group>"; };
		CEA6B27E210BD256009860C4 /* BTPostManager.h */ = {isa = PBXFileReference; lastKnownFileType = sourcecode.c.h; path = BTPostManager.h; sourceTree = "<group>"; };
		CEA6B27F210BD256009860C4 /* BTPostManager.m */ = {isa = PBXFileReference; lastKnownFileType = sourcecode.c.objc; path = BTPostManager.m; sourceTree = "<group>"; };
		CEA6B281210BD461009860C4 /* BTBookBaseViewController.h */ = {isa = PBXFileReference; lastKnownFileType = sourcecode.c.h; path = BTBookBaseViewController.h; sourceTree = "<group>"; };
		CEA6B282210BD461009860C4 /* BTBookBaseViewController.m */ = {isa = PBXFileReference; lastKnownFileType = sourcecode.c.objc; path = BTBookBaseViewController.m; sourceTree = "<group>"; };
		CEA6B284210BDC83009860C4 /* BTRevealHeadViewController.h */ = {isa = PBXFileReference; lastKnownFileType = sourcecode.c.h; path = BTRevealHeadViewController.h; sourceTree = "<group>"; };
		CEA6B285210BDC83009860C4 /* BTRevealHeadViewController.m */ = {isa = PBXFileReference; lastKnownFileType = sourcecode.c.objc; path = BTRevealHeadViewController.m; sourceTree = "<group>"; };
		CECB9B91210A4E3C001D2032 /* Shelfie.app */ = {isa = PBXFileReference; explicitFileType = wrapper.application; includeInIndex = 0; path = Shelfie.app; sourceTree = BUILT_PRODUCTS_DIR; };
		CECB9B94210A4E3C001D2032 /* AppDelegate.h */ = {isa = PBXFileReference; lastKnownFileType = sourcecode.c.h; path = AppDelegate.h; sourceTree = "<group>"; };
		CECB9B95210A4E3C001D2032 /* AppDelegate.m */ = {isa = PBXFileReference; lastKnownFileType = sourcecode.c.objc; path = AppDelegate.m; sourceTree = "<group>"; };
		CECB9B97210A4E3C001D2032 /* BTHomeViewController.h */ = {isa = PBXFileReference; lastKnownFileType = sourcecode.c.h; path = BTHomeViewController.h; sourceTree = "<group>"; };
		CECB9B98210A4E3C001D2032 /* BTHomeViewController.m */ = {isa = PBXFileReference; lastKnownFileType = sourcecode.c.objc; path = BTHomeViewController.m; sourceTree = "<group>"; };
		CECB9B9B210A4E3C001D2032 /* Base */ = {isa = PBXFileReference; lastKnownFileType = file.storyboard; name = Base; path = Base.lproj/Main.storyboard; sourceTree = "<group>"; };
		CECB9B9D210A4E3D001D2032 /* Assets.xcassets */ = {isa = PBXFileReference; lastKnownFileType = folder.assetcatalog; path = Assets.xcassets; sourceTree = "<group>"; };
		CECB9BA0210A4E3D001D2032 /* Base */ = {isa = PBXFileReference; lastKnownFileType = file.storyboard; name = Base; path = Base.lproj/LaunchScreen.storyboard; sourceTree = "<group>"; };
		CECB9BA2210A4E3D001D2032 /* Info.plist */ = {isa = PBXFileReference; lastKnownFileType = text.plist.xml; path = Info.plist; sourceTree = "<group>"; };
		CECB9BA3210A4E3D001D2032 /* main.m */ = {isa = PBXFileReference; lastKnownFileType = sourcecode.c.objc; path = main.m; sourceTree = "<group>"; };
		CECB9BA9210A4E3D001D2032 /* ShelfieTests.xctest */ = {isa = PBXFileReference; explicitFileType = wrapper.cfbundle; includeInIndex = 0; path = ShelfieTests.xctest; sourceTree = BUILT_PRODUCTS_DIR; };
		CECB9BAD210A4E3D001D2032 /* ShelfieTests.m */ = {isa = PBXFileReference; lastKnownFileType = sourcecode.c.objc; path = ShelfieTests.m; sourceTree = "<group>"; };
		CECB9BAF210A4E3D001D2032 /* Info.plist */ = {isa = PBXFileReference; lastKnownFileType = text.plist.xml; path = Info.plist; sourceTree = "<group>"; };
		CECB9BB4210A4E3D001D2032 /* ShelfieUITests.xctest */ = {isa = PBXFileReference; explicitFileType = wrapper.cfbundle; includeInIndex = 0; path = ShelfieUITests.xctest; sourceTree = BUILT_PRODUCTS_DIR; };
		CECB9BB8210A4E3D001D2032 /* ShelfieUITests.m */ = {isa = PBXFileReference; lastKnownFileType = sourcecode.c.objc; path = ShelfieUITests.m; sourceTree = "<group>"; };
		CECB9BBA210A4E3D001D2032 /* Info.plist */ = {isa = PBXFileReference; lastKnownFileType = text.plist.xml; path = Info.plist; sourceTree = "<group>"; };
		CECC3383210F83600073A8BE /* BTBarcodeViewController.h */ = {isa = PBXFileReference; lastKnownFileType = sourcecode.c.h; path = BTBarcodeViewController.h; sourceTree = "<group>"; };
		CECC3384210F83600073A8BE /* BTBarcodeViewController.m */ = {isa = PBXFileReference; lastKnownFileType = sourcecode.c.objc; path = BTBarcodeViewController.m; sourceTree = "<group>"; };
		CECC3386210FC9B50073A8BE /* GOBook.h */ = {isa = PBXFileReference; lastKnownFileType = sourcecode.c.h; path = GOBook.h; sourceTree = "<group>"; };
		CECC3387210FC9B50073A8BE /* GOBook.m */ = {isa = PBXFileReference; lastKnownFileType = sourcecode.c.objc; path = GOBook.m; sourceTree = "<group>"; };
		CECFB54B210A9F3B00D5C220 /* MapKit.framework */ = {isa = PBXFileReference; lastKnownFileType = wrapper.framework; name = MapKit.framework; path = System/Library/Frameworks/MapKit.framework; sourceTree = SDKROOT; };
		CECFB550210B99B000D5C220 /* SWRevealViewController.h */ = {isa = PBXFileReference; fileEncoding = 4; lastKnownFileType = sourcecode.c.h; path = SWRevealViewController.h; sourceTree = "<group>"; };
		CECFB551210B99B000D5C220 /* SWRevealViewController.m */ = {isa = PBXFileReference; fileEncoding = 4; lastKnownFileType = sourcecode.c.objc; path = SWRevealViewController.m; sourceTree = "<group>"; };
		CEF5C3702110FDC100A33453 /* BTMapViewController.h */ = {isa = PBXFileReference; lastKnownFileType = sourcecode.c.h; path = BTMapViewController.h; sourceTree = "<group>"; };
		CEF5C3712110FDC100A33453 /* BTMapViewController.m */ = {isa = PBXFileReference; lastKnownFileType = sourcecode.c.objc; path = BTMapViewController.m; sourceTree = "<group>"; };
		CEF5C3742110FF3700A33453 /* BTUserDefaults.h */ = {isa = PBXFileReference; lastKnownFileType = sourcecode.c.h; path = BTUserDefaults.h; sourceTree = "<group>"; };
		CEF5C3752110FF3700A33453 /* BTUserDefaults.m */ = {isa = PBXFileReference; lastKnownFileType = sourcecode.c.objc; path = BTUserDefaults.m; sourceTree = "<group>"; };
		CEF5C3782111059E00A33453 /* BTUIServices.h */ = {isa = PBXFileReference; lastKnownFileType = sourcecode.c.h; path = BTUIServices.h; sourceTree = "<group>"; };
		CEF5C3792111059E00A33453 /* BTUIServices.m */ = {isa = PBXFileReference; lastKnownFileType = sourcecode.c.objc; path = BTUIServices.m; sourceTree = "<group>"; };
		CEF5C37D2111234E00A33453 /* BTGetManager.h */ = {isa = PBXFileReference; lastKnownFileType = sourcecode.c.h; path = BTGetManager.h; sourceTree = "<group>"; };
		CEF5C37E2111234E00A33453 /* BTGetManager.m */ = {isa = PBXFileReference; lastKnownFileType = sourcecode.c.objc; path = BTGetManager.m; sourceTree = "<group>"; };
		CEF5C385211126E100A33453 /* PinAnnotation.h */ = {isa = PBXFileReference; lastKnownFileType = sourcecode.c.h; path = PinAnnotation.h; sourceTree = "<group>"; };
		CEF5C386211126E100A33453 /* PinAnnotation.m */ = {isa = PBXFileReference; lastKnownFileType = sourcecode.c.objc; path = PinAnnotation.m; sourceTree = "<group>"; };
		D812159C2E6EFFD51D08D5D8 /* Pods-ShelfieUITests.release.xcconfig */ = {isa = PBXFileReference; includeInIndex = 1; lastKnownFileType = text.xcconfig; name = "Pods-ShelfieUITests.release.xcconfig"; path = "Pods/Target Support Files/Pods-ShelfieUITests/Pods-ShelfieUITests.release.xcconfig"; sourceTree = "<group>"; };
		EF91916D5EC8BB09BF43594A /* libPods-Shelfie.a */ = {isa = PBXFileReference; explicitFileType = archive.ar; includeInIndex = 0; path = "libPods-Shelfie.a"; sourceTree = BUILT_PRODUCTS_DIR; };
/* End PBXFileReference section */

/* Begin PBXFrameworksBuildPhase section */
		CECB9B8E210A4E3C001D2032 /* Frameworks */ = {
			isa = PBXFrameworksBuildPhase;
			buildActionMask = 2147483647;
			files = (
				CECFB54C210A9F3B00D5C220 /* MapKit.framework in Frameworks */,
				71D688D6EDFCE2C170FC9AB9 /* libPods-Shelfie.a in Frameworks */,
			);
			runOnlyForDeploymentPostprocessing = 0;
		};
		CECB9BA6210A4E3D001D2032 /* Frameworks */ = {
			isa = PBXFrameworksBuildPhase;
			buildActionMask = 2147483647;
			files = (
				1DBB1563D08D47B1F56AF237 /* libPods-ShelfieTests.a in Frameworks */,
			);
			runOnlyForDeploymentPostprocessing = 0;
		};
		CECB9BB1210A4E3D001D2032 /* Frameworks */ = {
			isa = PBXFrameworksBuildPhase;
			buildActionMask = 2147483647;
			files = (
				1CB34EE3CBA3F181D99D0E7E /* libPods-ShelfieUITests.a in Frameworks */,
			);
			runOnlyForDeploymentPostprocessing = 0;
		};
/* End PBXFrameworksBuildPhase section */

/* Begin PBXGroup section */
		7C72E0BAE06B35A0C6CED750 /* Frameworks */ = {
			isa = PBXGroup;
			children = (
				CECFB54B210A9F3B00D5C220 /* MapKit.framework */,
				EF91916D5EC8BB09BF43594A /* libPods-Shelfie.a */,
				B92B7D26D69A1813814CB93A /* libPods-ShelfieTests.a */,
				0F719773C09E2D8DE0D6E7A7 /* libPods-ShelfieUITests.a */,
			);
			name = Frameworks;
			sourceTree = "<group>";
		};
		AF6B1A7E3AC0EC5750275BD9 /* Pods */ = {
			isa = PBXGroup;
			children = (
				10813C9F4B276CA39651A6CF /* Pods-Shelfie.debug.xcconfig */,
				CC44DE9E9A4AAE0149BBFBD3 /* Pods-Shelfie.release.xcconfig */,
				B736291ADBF925B02B3946E1 /* Pods-ShelfieTests.debug.xcconfig */,
				4AC6ED6AF88CE7E9EC2CE6EF /* Pods-ShelfieTests.release.xcconfig */,
				597273F60C3FFCE4839282BC /* Pods-ShelfieUITests.debug.xcconfig */,
				D812159C2E6EFFD51D08D5D8 /* Pods-ShelfieUITests.release.xcconfig */,
			);
			name = Pods;
			sourceTree = "<group>";
		};
		B197F843210A82E3004805D8 /* UI */ = {
			isa = PBXGroup;
			children = (
				CEF5C36F2110FDA100A33453 /* Map */,
				CECFB54F210B99B000D5C220 /* SWRevealViewController */,
				CECFB54E210A9FAA00D5C220 /* BookDetail */,
				CECFB54D210A9F8D00D5C220 /* Login */,
				B197F840210A8254004805D8 /* BTProfileViewController.h */,
				B197F841210A8254004805D8 /* BTProfileViewController.m */,
				B197F82F210A6E10004805D8 /* BTSideTableViewController.h */,
				B197F830210A6E10004805D8 /* BTSideTableViewController.m */,
				CECC3383210F83600073A8BE /* BTBarcodeViewController.h */,
				CECC3384210F83600073A8BE /* BTBarcodeViewController.m */,
			);
			path = UI;
			sourceTree = "<group>";
		};
		CEA6B26F210B9E29009860C4 /* Models */ = {
			isa = PBXGroup;
			children = (
				CEA6B272210B9E4C009860C4 /* BTBook.h */,
				CEA6B273210B9E4C009860C4 /* BTBook.m */,
				CECC3386210FC9B50073A8BE /* GOBook.h */,
				CECC3387210FC9B50073A8BE /* GOBook.m */,
			);
			path = Models;
			sourceTree = "<group>";
		};
		CEA6B270210B9E35009860C4 /* Services */ = {
			isa = PBXGroup;
			children = (
				CEF5C3772111058700A33453 /* UIServices */,
				CEF5C3732110FF1000A33453 /* UserDefaults */,
				CEA6B27A210BD028009860C4 /* BackendManagers */,
				CEA6B275210BA287009860C4 /* APIManagers */,
			);
			path = Services;
			sourceTree = "<group>";
		};
		CEA6B271210B9E3D009860C4 /* Cache */ = {
			isa = PBXGroup;
			children = (
			);
			path = Cache;
			sourceTree = "<group>";
		};
		CEA6B275210BA287009860C4 /* APIManagers */ = {
			isa = PBXGroup;
			children = (
				CEA6B277210BCBC7009860C4 /* BTBookAPIManager.h */,
				CEA6B278210BCBC7009860C4 /* BTBookAPIManager.m */,
				A488EE9E210FD1910074B42A /* BTFbAPIManager.h */,
				A488EE9F210FD1910074B42A /* BTFbAPIManager.m */,
			);
			path = APIManagers;
			sourceTree = "<group>";
		};
		CEA6B27A210BD028009860C4 /* BackendManagers */ = {
			isa = PBXGroup;
			children = (
				CEA6B27E210BD256009860C4 /* BTPostManager.h */,
				CEA6B27F210BD256009860C4 /* BTPostManager.m */,
				CEF5C37D2111234E00A33453 /* BTGetManager.h */,
				CEF5C37E2111234E00A33453 /* BTGetManager.m */,
			);
			path = BackendManagers;
			sourceTree = "<group>";
		};
		CECB9B88210A4E3C001D2032 = {
			isa = PBXGroup;
			children = (
				CECB9B93210A4E3C001D2032 /* Shelfie */,
				CECB9BAC210A4E3D001D2032 /* ShelfieTests */,
				CECB9BB7210A4E3D001D2032 /* ShelfieUITests */,
				CECB9B92210A4E3C001D2032 /* Products */,
				AF6B1A7E3AC0EC5750275BD9 /* Pods */,
				7C72E0BAE06B35A0C6CED750 /* Frameworks */,
			);
			sourceTree = "<group>";
		};
		CECB9B92210A4E3C001D2032 /* Products */ = {
			isa = PBXGroup;
			children = (
				CECB9B91210A4E3C001D2032 /* Shelfie.app */,
				CECB9BA9210A4E3D001D2032 /* ShelfieTests.xctest */,
				CECB9BB4210A4E3D001D2032 /* ShelfieUITests.xctest */,
			);
			name = Products;
			sourceTree = "<group>";
		};
		CECB9B93210A4E3C001D2032 /* Shelfie */ = {
			isa = PBXGroup;
			children = (
				CEA6B271210B9E3D009860C4 /* Cache */,
				CEA6B270210B9E35009860C4 /* Services */,
				CEA6B26F210B9E29009860C4 /* Models */,
				B197F843210A82E3004805D8 /* UI */,
				CECB9B95210A4E3C001D2032 /* AppDelegate.m */,
				CECB9B94210A4E3C001D2032 /* AppDelegate.h */,
				CECB9B9A210A4E3C001D2032 /* Main.storyboard */,
				CECB9B9D210A4E3D001D2032 /* Assets.xcassets */,
				CECB9B9F210A4E3D001D2032 /* LaunchScreen.storyboard */,
				CECB9BA2210A4E3D001D2032 /* Info.plist */,
				CECB9BA3210A4E3D001D2032 /* main.m */,
			);
			path = Shelfie;
			sourceTree = "<group>";
		};
		CECB9BAC210A4E3D001D2032 /* ShelfieTests */ = {
			isa = PBXGroup;
			children = (
				CECB9BAD210A4E3D001D2032 /* ShelfieTests.m */,
				CECB9BAF210A4E3D001D2032 /* Info.plist */,
			);
			path = ShelfieTests;
			sourceTree = "<group>";
		};
		CECB9BB7210A4E3D001D2032 /* ShelfieUITests */ = {
			isa = PBXGroup;
			children = (
				CECB9BB8210A4E3D001D2032 /* ShelfieUITests.m */,
				CECB9BBA210A4E3D001D2032 /* Info.plist */,
			);
			path = ShelfieUITests;
			sourceTree = "<group>";
		};
		CECFB54D210A9F8D00D5C220 /* Login */ = {
			isa = PBXGroup;
			children = (
				B163B48A2110D478007C5ADB /* BTLoginViewController.h */,
				B163B4892110D478007C5ADB /* BTLoginViewController.m */,
			);
			path = Login;
			sourceTree = "<group>";
		};
		CECFB54E210A9FAA00D5C220 /* BookDetail */ = {
			isa = PBXGroup;
			children = (
				CEA6B281210BD461009860C4 /* BTBookBaseViewController.h */,
				CEA6B282210BD461009860C4 /* BTBookBaseViewController.m */,
				B163B48D2110D48B007C5ADB /* BTAddBookViewController.h */,
				B163B48C2110D48B007C5ADB /* BTAddBookViewController.m */,
			);
			path = BookDetail;
			sourceTree = "<group>";
		};
		CECFB54F210B99B000D5C220 /* SWRevealViewController */ = {
			isa = PBXGroup;
			children = (
				CECFB550210B99B000D5C220 /* SWRevealViewController.h */,
				CECFB551210B99B000D5C220 /* SWRevealViewController.m */,
				CEA6B284210BDC83009860C4 /* BTRevealHeadViewController.h */,
				CEA6B285210BDC83009860C4 /* BTRevealHeadViewController.m */,
			);
			path = SWRevealViewController;
			sourceTree = "<group>";
		};
		CEF5C36F2110FDA100A33453 /* Map */ = {
			isa = PBXGroup;
			children = (
				CEF5C37C2111230B00A33453 /* Controllers */,
				CEF5C37B2111230200A33453 /* Views */,
			);
			path = Map;
			sourceTree = "<group>";
		};
		CEF5C3732110FF1000A33453 /* UserDefaults */ = {
			isa = PBXGroup;
			children = (
				CEF5C3742110FF3700A33453 /* BTUserDefaults.h */,
				CEF5C3752110FF3700A33453 /* BTUserDefaults.m */,
			);
			path = UserDefaults;
			sourceTree = "<group>";
		};
		CEF5C3772111058700A33453 /* UIServices */ = {
			isa = PBXGroup;
			children = (
				CEF5C3782111059E00A33453 /* BTUIServices.h */,
				CEF5C3792111059E00A33453 /* BTUIServices.m */,
			);
			path = UIServices;
			sourceTree = "<group>";
		};
		CEF5C37B2111230200A33453 /* Views */ = {
			isa = PBXGroup;
			children = (
				CEF5C385211126E100A33453 /* PinAnnotation.h */,
				CEF5C386211126E100A33453 /* PinAnnotation.m */,
			);
			path = Views;
			sourceTree = "<group>";
		};
		CEF5C37C2111230B00A33453 /* Controllers */ = {
			isa = PBXGroup;
			children = (
				CECB9B97210A4E3C001D2032 /* BTHomeViewController.h */,
				CECB9B98210A4E3C001D2032 /* BTHomeViewController.m */,
				CEF5C3702110FDC100A33453 /* BTMapViewController.h */,
				CEF5C3712110FDC100A33453 /* BTMapViewController.m */,
			);
			path = Controllers;
			sourceTree = "<group>";
		};
/* End PBXGroup section */

/* Begin PBXNativeTarget section */
		CECB9B90210A4E3C001D2032 /* Shelfie */ = {
			isa = PBXNativeTarget;
			buildConfigurationList = CECB9BBD210A4E3D001D2032 /* Build configuration list for PBXNativeTarget "Shelfie" */;
			buildPhases = (
				038EFC6B97FF6FDA25FC6E65 /* [CP] Check Pods Manifest.lock */,
				CECB9B8D210A4E3C001D2032 /* Sources */,
				CECB9B8E210A4E3C001D2032 /* Frameworks */,
				CECB9B8F210A4E3C001D2032 /* Resources */,
				0069375F229348C870AC33B6 /* [CP] Copy Pods Resources */,
			);
			buildRules = (
			);
			dependencies = (
			);
			name = Shelfie;
			productName = Shelfie;
			productReference = CECB9B91210A4E3C001D2032 /* Shelfie.app */;
			productType = "com.apple.product-type.application";
		};
		CECB9BA8210A4E3D001D2032 /* ShelfieTests */ = {
			isa = PBXNativeTarget;
			buildConfigurationList = CECB9BC0210A4E3D001D2032 /* Build configuration list for PBXNativeTarget "ShelfieTests" */;
			buildPhases = (
				9705AB140F98062D49B3E646 /* [CP] Check Pods Manifest.lock */,
				CECB9BA5210A4E3D001D2032 /* Sources */,
				CECB9BA6210A4E3D001D2032 /* Frameworks */,
				CECB9BA7210A4E3D001D2032 /* Resources */,
			);
			buildRules = (
			);
			dependencies = (
				CECB9BAB210A4E3D001D2032 /* PBXTargetDependency */,
			);
			name = ShelfieTests;
			productName = ShelfieTests;
			productReference = CECB9BA9210A4E3D001D2032 /* ShelfieTests.xctest */;
			productType = "com.apple.product-type.bundle.unit-test";
		};
		CECB9BB3210A4E3D001D2032 /* ShelfieUITests */ = {
			isa = PBXNativeTarget;
			buildConfigurationList = CECB9BC3210A4E3D001D2032 /* Build configuration list for PBXNativeTarget "ShelfieUITests" */;
			buildPhases = (
				28686C9E62F02259EC037298 /* [CP] Check Pods Manifest.lock */,
				CECB9BB0210A4E3D001D2032 /* Sources */,
				CECB9BB1210A4E3D001D2032 /* Frameworks */,
				CECB9BB2210A4E3D001D2032 /* Resources */,
			);
			buildRules = (
			);
			dependencies = (
				CECB9BB6210A4E3D001D2032 /* PBXTargetDependency */,
			);
			name = ShelfieUITests;
			productName = ShelfieUITests;
			productReference = CECB9BB4210A4E3D001D2032 /* ShelfieUITests.xctest */;
			productType = "com.apple.product-type.bundle.ui-testing";
		};
/* End PBXNativeTarget section */

/* Begin PBXProject section */
		CECB9B89210A4E3C001D2032 /* Project object */ = {
			isa = PBXProject;
			attributes = {
				LastUpgradeCheck = 0940;
				ORGANIZATIONNAME = BookTrader;
				TargetAttributes = {
					CECB9B90210A4E3C001D2032 = {
						CreatedOnToolsVersion = 9.4.1;
					};
					CECB9BA8210A4E3D001D2032 = {
						CreatedOnToolsVersion = 9.4.1;
						TestTargetID = CECB9B90210A4E3C001D2032;
					};
					CECB9BB3210A4E3D001D2032 = {
						CreatedOnToolsVersion = 9.4.1;
						TestTargetID = CECB9B90210A4E3C001D2032;
					};
				};
			};
			buildConfigurationList = CECB9B8C210A4E3C001D2032 /* Build configuration list for PBXProject "Shelfie" */;
			compatibilityVersion = "Xcode 9.3";
			developmentRegion = en;
			hasScannedForEncodings = 0;
			knownRegions = (
				en,
				Base,
			);
			mainGroup = CECB9B88210A4E3C001D2032;
			productRefGroup = CECB9B92210A4E3C001D2032 /* Products */;
			projectDirPath = "";
			projectRoot = "";
			targets = (
				CECB9B90210A4E3C001D2032 /* Shelfie */,
				CECB9BA8210A4E3D001D2032 /* ShelfieTests */,
				CECB9BB3210A4E3D001D2032 /* ShelfieUITests */,
			);
		};
/* End PBXProject section */

/* Begin PBXResourcesBuildPhase section */
		CECB9B8F210A4E3C001D2032 /* Resources */ = {
			isa = PBXResourcesBuildPhase;
			buildActionMask = 2147483647;
			files = (
				CECB9BA1210A4E3D001D2032 /* LaunchScreen.storyboard in Resources */,
				CECB9B9E210A4E3D001D2032 /* Assets.xcassets in Resources */,
				CECB9B9C210A4E3C001D2032 /* Main.storyboard in Resources */,
			);
			runOnlyForDeploymentPostprocessing = 0;
		};
		CECB9BA7210A4E3D001D2032 /* Resources */ = {
			isa = PBXResourcesBuildPhase;
			buildActionMask = 2147483647;
			files = (
			);
			runOnlyForDeploymentPostprocessing = 0;
		};
		CECB9BB2210A4E3D001D2032 /* Resources */ = {
			isa = PBXResourcesBuildPhase;
			buildActionMask = 2147483647;
			files = (
			);
			runOnlyForDeploymentPostprocessing = 0;
		};
/* End PBXResourcesBuildPhase section */

/* Begin PBXShellScriptBuildPhase section */
		0069375F229348C870AC33B6 /* [CP] Copy Pods Resources */ = {
			isa = PBXShellScriptBuildPhase;
			buildActionMask = 2147483647;
			files = (
			);
			inputPaths = (
				"${SRCROOT}/Pods/Target Support Files/Pods-Shelfie/Pods-Shelfie-resources.sh",
				"${PODS_ROOT}/FBSDKCoreKit/FacebookSDKStrings.bundle",
				"${PODS_CONFIGURATION_BUILD_DIR}/Parse/Parse.bundle",
			);
			name = "[CP] Copy Pods Resources";
			outputPaths = (
				"${TARGET_BUILD_DIR}/${UNLOCALIZED_RESOURCES_FOLDER_PATH}/FacebookSDKStrings.bundle",
				"${TARGET_BUILD_DIR}/${UNLOCALIZED_RESOURCES_FOLDER_PATH}/Parse.bundle",
			);
			runOnlyForDeploymentPostprocessing = 0;
			shellPath = /bin/sh;
			shellScript = "\"${SRCROOT}/Pods/Target Support Files/Pods-Shelfie/Pods-Shelfie-resources.sh\"\n";
			showEnvVarsInLog = 0;
		};
		038EFC6B97FF6FDA25FC6E65 /* [CP] Check Pods Manifest.lock */ = {
			isa = PBXShellScriptBuildPhase;
			buildActionMask = 2147483647;
			files = (
			);
			inputPaths = (
				"${PODS_PODFILE_DIR_PATH}/Podfile.lock",
				"${PODS_ROOT}/Manifest.lock",
			);
			name = "[CP] Check Pods Manifest.lock";
			outputPaths = (
				"$(DERIVED_FILE_DIR)/Pods-Shelfie-checkManifestLockResult.txt",
			);
			runOnlyForDeploymentPostprocessing = 0;
			shellPath = /bin/sh;
			shellScript = "diff \"${PODS_PODFILE_DIR_PATH}/Podfile.lock\" \"${PODS_ROOT}/Manifest.lock\" > /dev/null\nif [ $? != 0 ] ; then\n    # print error to STDERR\n    echo \"error: The sandbox is not in sync with the Podfile.lock. Run 'pod install' or update your CocoaPods installation.\" >&2\n    exit 1\nfi\n# This output is used by Xcode 'outputs' to avoid re-running this script phase.\necho \"SUCCESS\" > \"${SCRIPT_OUTPUT_FILE_0}\"\n";
			showEnvVarsInLog = 0;
		};
		28686C9E62F02259EC037298 /* [CP] Check Pods Manifest.lock */ = {
			isa = PBXShellScriptBuildPhase;
			buildActionMask = 2147483647;
			files = (
			);
			inputPaths = (
				"${PODS_PODFILE_DIR_PATH}/Podfile.lock",
				"${PODS_ROOT}/Manifest.lock",
			);
			name = "[CP] Check Pods Manifest.lock";
			outputPaths = (
				"$(DERIVED_FILE_DIR)/Pods-ShelfieUITests-checkManifestLockResult.txt",
			);
			runOnlyForDeploymentPostprocessing = 0;
			shellPath = /bin/sh;
			shellScript = "diff \"${PODS_PODFILE_DIR_PATH}/Podfile.lock\" \"${PODS_ROOT}/Manifest.lock\" > /dev/null\nif [ $? != 0 ] ; then\n    # print error to STDERR\n    echo \"error: The sandbox is not in sync with the Podfile.lock. Run 'pod install' or update your CocoaPods installation.\" >&2\n    exit 1\nfi\n# This output is used by Xcode 'outputs' to avoid re-running this script phase.\necho \"SUCCESS\" > \"${SCRIPT_OUTPUT_FILE_0}\"\n";
			showEnvVarsInLog = 0;
		};
		9705AB140F98062D49B3E646 /* [CP] Check Pods Manifest.lock */ = {
			isa = PBXShellScriptBuildPhase;
			buildActionMask = 2147483647;
			files = (
			);
			inputPaths = (
				"${PODS_PODFILE_DIR_PATH}/Podfile.lock",
				"${PODS_ROOT}/Manifest.lock",
			);
			name = "[CP] Check Pods Manifest.lock";
			outputPaths = (
				"$(DERIVED_FILE_DIR)/Pods-ShelfieTests-checkManifestLockResult.txt",
			);
			runOnlyForDeploymentPostprocessing = 0;
			shellPath = /bin/sh;
			shellScript = "diff \"${PODS_PODFILE_DIR_PATH}/Podfile.lock\" \"${PODS_ROOT}/Manifest.lock\" > /dev/null\nif [ $? != 0 ] ; then\n    # print error to STDERR\n    echo \"error: The sandbox is not in sync with the Podfile.lock. Run 'pod install' or update your CocoaPods installation.\" >&2\n    exit 1\nfi\n# This output is used by Xcode 'outputs' to avoid re-running this script phase.\necho \"SUCCESS\" > \"${SCRIPT_OUTPUT_FILE_0}\"\n";
			showEnvVarsInLog = 0;
		};
/* End PBXShellScriptBuildPhase section */

/* Begin PBXSourcesBuildPhase section */
		CECB9B8D210A4E3C001D2032 /* Sources */ = {
			isa = PBXSourcesBuildPhase;
			buildActionMask = 2147483647;
			files = (
				B197F831210A6E10004805D8 /* BTSideTableViewController.m in Sources */,
				CEA6B274210B9E4C009860C4 /* BTBook.m in Sources */,
				CEF5C3762110FF3700A33453 /* BTUserDefaults.m in Sources */,
				CEA6B280210BD256009860C4 /* BTPostManager.m in Sources */,
				CECC3388210FC9B50073A8BE /* GOBook.m in Sources */,
				CECC3385210F83600073A8BE /* BTBarcodeViewController.m in Sources */,
				CECB9B99210A4E3C001D2032 /* BTHomeViewController.m in Sources */,
				B197F842210A8254004805D8 /* BTProfileViewController.m in Sources */,
				CECFB552210B99B000D5C220 /* SWRevealViewController.m in Sources */,
				A488EEA0210FD1910074B42A /* BTFbAPIManager.m in Sources */,
				B163B48E2110D48B007C5ADB /* BTAddBookViewController.m in Sources */,
				CEF5C387211126E100A33453 /* PinAnnotation.m in Sources */,
				CECB9BA4210A4E3D001D2032 /* main.m in Sources */,
				CEF5C37A2111059E00A33453 /* BTUIServices.m in Sources */,
				CEA6B283210BD461009860C4 /* BTBookBaseViewController.m in Sources */,
				B163B48B2110D478007C5ADB /* BTLoginViewController.m in Sources */,
				CECB9B96210A4E3C001D2032 /* AppDelegate.m in Sources */,
				CEA6B286210BDC83009860C4 /* BTRevealHeadViewController.m in Sources */,
				CEF5C3722110FDC100A33453 /* BTMapViewController.m in Sources */,
				CEF5C37F2111234E00A33453 /* BTGetManager.m in Sources */,
				CEA6B279210BCBC7009860C4 /* BTBookAPIManager.m in Sources */,
			);
			runOnlyForDeploymentPostprocessing = 0;
		};
		CECB9BA5210A4E3D001D2032 /* Sources */ = {
			isa = PBXSourcesBuildPhase;
			buildActionMask = 2147483647;
			files = (
				CECB9BAE210A4E3D001D2032 /* ShelfieTests.m in Sources */,
			);
			runOnlyForDeploymentPostprocessing = 0;
		};
		CECB9BB0210A4E3D001D2032 /* Sources */ = {
			isa = PBXSourcesBuildPhase;
			buildActionMask = 2147483647;
			files = (
				CECB9BB9210A4E3D001D2032 /* ShelfieUITests.m in Sources */,
			);
			runOnlyForDeploymentPostprocessing = 0;
		};
/* End PBXSourcesBuildPhase section */

/* Begin PBXTargetDependency section */
		CECB9BAB210A4E3D001D2032 /* PBXTargetDependency */ = {
			isa = PBXTargetDependency;
			target = CECB9B90210A4E3C001D2032 /* Shelfie */;
			targetProxy = CECB9BAA210A4E3D001D2032 /* PBXContainerItemProxy */;
		};
		CECB9BB6210A4E3D001D2032 /* PBXTargetDependency */ = {
			isa = PBXTargetDependency;
			target = CECB9B90210A4E3C001D2032 /* Shelfie */;
			targetProxy = CECB9BB5210A4E3D001D2032 /* PBXContainerItemProxy */;
		};
/* End PBXTargetDependency section */

/* Begin PBXVariantGroup section */
		CECB9B9A210A4E3C001D2032 /* Main.storyboard */ = {
			isa = PBXVariantGroup;
			children = (
				CECB9B9B210A4E3C001D2032 /* Base */,
			);
			name = Main.storyboard;
			sourceTree = "<group>";
		};
		CECB9B9F210A4E3D001D2032 /* LaunchScreen.storyboard */ = {
			isa = PBXVariantGroup;
			children = (
				CECB9BA0210A4E3D001D2032 /* Base */,
			);
			name = LaunchScreen.storyboard;
			sourceTree = "<group>";
		};
/* End PBXVariantGroup section */

/* Begin XCBuildConfiguration section */
		CECB9BBB210A4E3D001D2032 /* Debug */ = {
			isa = XCBuildConfiguration;
			buildSettings = {
				ALWAYS_SEARCH_USER_PATHS = NO;
				CLANG_ANALYZER_NONNULL = YES;
				CLANG_ANALYZER_NUMBER_OBJECT_CONVERSION = YES_AGGRESSIVE;
				CLANG_CXX_LANGUAGE_STANDARD = "gnu++14";
				CLANG_CXX_LIBRARY = "libc++";
				CLANG_ENABLE_MODULES = YES;
				CLANG_ENABLE_OBJC_ARC = YES;
				CLANG_ENABLE_OBJC_WEAK = YES;
				CLANG_WARN_BLOCK_CAPTURE_AUTORELEASING = YES;
				CLANG_WARN_BOOL_CONVERSION = YES;
				CLANG_WARN_COMMA = YES;
				CLANG_WARN_CONSTANT_CONVERSION = YES;
				CLANG_WARN_DEPRECATED_OBJC_IMPLEMENTATIONS = YES;
				CLANG_WARN_DIRECT_OBJC_ISA_USAGE = YES_ERROR;
				CLANG_WARN_DOCUMENTATION_COMMENTS = YES;
				CLANG_WARN_EMPTY_BODY = YES;
				CLANG_WARN_ENUM_CONVERSION = YES;
				CLANG_WARN_INFINITE_RECURSION = YES;
				CLANG_WARN_INT_CONVERSION = YES;
				CLANG_WARN_NON_LITERAL_NULL_CONVERSION = YES;
				CLANG_WARN_OBJC_IMPLICIT_RETAIN_SELF = YES;
				CLANG_WARN_OBJC_LITERAL_CONVERSION = YES;
				CLANG_WARN_OBJC_ROOT_CLASS = YES_ERROR;
				CLANG_WARN_RANGE_LOOP_ANALYSIS = YES;
				CLANG_WARN_STRICT_PROTOTYPES = YES;
				CLANG_WARN_SUSPICIOUS_MOVE = YES;
				CLANG_WARN_UNGUARDED_AVAILABILITY = YES_AGGRESSIVE;
				CLANG_WARN_UNREACHABLE_CODE = YES;
				CLANG_WARN__DUPLICATE_METHOD_MATCH = YES;
				CODE_SIGN_IDENTITY = "iPhone Developer";
				COPY_PHASE_STRIP = NO;
				DEBUG_INFORMATION_FORMAT = dwarf;
				ENABLE_STRICT_OBJC_MSGSEND = YES;
				ENABLE_TESTABILITY = YES;
				GCC_C_LANGUAGE_STANDARD = gnu11;
				GCC_DYNAMIC_NO_PIC = NO;
				GCC_NO_COMMON_BLOCKS = YES;
				GCC_OPTIMIZATION_LEVEL = 0;
				GCC_PREPROCESSOR_DEFINITIONS = (
					"DEBUG=1",
					"$(inherited)",
				);
				GCC_WARN_64_TO_32_BIT_CONVERSION = YES;
				GCC_WARN_ABOUT_RETURN_TYPE = YES_ERROR;
				GCC_WARN_UNDECLARED_SELECTOR = YES;
				GCC_WARN_UNINITIALIZED_AUTOS = YES_AGGRESSIVE;
				GCC_WARN_UNUSED_FUNCTION = YES;
				GCC_WARN_UNUSED_VARIABLE = YES;
				IPHONEOS_DEPLOYMENT_TARGET = 11.4;
				MTL_ENABLE_DEBUG_INFO = YES;
				ONLY_ACTIVE_ARCH = YES;
				SDKROOT = iphoneos;
			};
			name = Debug;
		};
		CECB9BBC210A4E3D001D2032 /* Release */ = {
			isa = XCBuildConfiguration;
			buildSettings = {
				ALWAYS_SEARCH_USER_PATHS = NO;
				CLANG_ANALYZER_NONNULL = YES;
				CLANG_ANALYZER_NUMBER_OBJECT_CONVERSION = YES_AGGRESSIVE;
				CLANG_CXX_LANGUAGE_STANDARD = "gnu++14";
				CLANG_CXX_LIBRARY = "libc++";
				CLANG_ENABLE_MODULES = YES;
				CLANG_ENABLE_OBJC_ARC = YES;
				CLANG_ENABLE_OBJC_WEAK = YES;
				CLANG_WARN_BLOCK_CAPTURE_AUTORELEASING = YES;
				CLANG_WARN_BOOL_CONVERSION = YES;
				CLANG_WARN_COMMA = YES;
				CLANG_WARN_CONSTANT_CONVERSION = YES;
				CLANG_WARN_DEPRECATED_OBJC_IMPLEMENTATIONS = YES;
				CLANG_WARN_DIRECT_OBJC_ISA_USAGE = YES_ERROR;
				CLANG_WARN_DOCUMENTATION_COMMENTS = YES;
				CLANG_WARN_EMPTY_BODY = YES;
				CLANG_WARN_ENUM_CONVERSION = YES;
				CLANG_WARN_INFINITE_RECURSION = YES;
				CLANG_WARN_INT_CONVERSION = YES;
				CLANG_WARN_NON_LITERAL_NULL_CONVERSION = YES;
				CLANG_WARN_OBJC_IMPLICIT_RETAIN_SELF = YES;
				CLANG_WARN_OBJC_LITERAL_CONVERSION = YES;
				CLANG_WARN_OBJC_ROOT_CLASS = YES_ERROR;
				CLANG_WARN_RANGE_LOOP_ANALYSIS = YES;
				CLANG_WARN_STRICT_PROTOTYPES = YES;
				CLANG_WARN_SUSPICIOUS_MOVE = YES;
				CLANG_WARN_UNGUARDED_AVAILABILITY = YES_AGGRESSIVE;
				CLANG_WARN_UNREACHABLE_CODE = YES;
				CLANG_WARN__DUPLICATE_METHOD_MATCH = YES;
				CODE_SIGN_IDENTITY = "iPhone Developer";
				COPY_PHASE_STRIP = NO;
				DEBUG_INFORMATION_FORMAT = "dwarf-with-dsym";
				ENABLE_NS_ASSERTIONS = NO;
				ENABLE_STRICT_OBJC_MSGSEND = YES;
				GCC_C_LANGUAGE_STANDARD = gnu11;
				GCC_NO_COMMON_BLOCKS = YES;
				GCC_WARN_64_TO_32_BIT_CONVERSION = YES;
				GCC_WARN_ABOUT_RETURN_TYPE = YES_ERROR;
				GCC_WARN_UNDECLARED_SELECTOR = YES;
				GCC_WARN_UNINITIALIZED_AUTOS = YES_AGGRESSIVE;
				GCC_WARN_UNUSED_FUNCTION = YES;
				GCC_WARN_UNUSED_VARIABLE = YES;
				IPHONEOS_DEPLOYMENT_TARGET = 11.4;
				MTL_ENABLE_DEBUG_INFO = NO;
				SDKROOT = iphoneos;
				VALIDATE_PRODUCT = YES;
			};
			name = Release;
		};
		CECB9BBE210A4E3D001D2032 /* Debug */ = {
			isa = XCBuildConfiguration;
			baseConfigurationReference = 10813C9F4B276CA39651A6CF /* Pods-Shelfie.debug.xcconfig */;
			buildSettings = {
				ASSETCATALOG_COMPILER_APPICON_NAME = AppIcon;
				CODE_SIGN_IDENTITY = "iPhone Developer";
				CODE_SIGN_STYLE = Automatic;
				DEVELOPMENT_TEAM = "";
				INFOPLIST_FILE = Shelfie/Info.plist;
				LD_RUNPATH_SEARCH_PATHS = (
					"$(inherited)",
					"@executable_path/Frameworks",
				);
				PRODUCT_BUNDLE_IDENTIFIER = Shelfie.sh;
				PRODUCT_NAME = "$(TARGET_NAME)";
				PROVISIONING_PROFILE_SPECIFIER = "";
				TARGETED_DEVICE_FAMILY = "1,2";
			};
			name = Debug;
		};
		CECB9BBF210A4E3D001D2032 /* Release */ = {
			isa = XCBuildConfiguration;
			baseConfigurationReference = CC44DE9E9A4AAE0149BBFBD3 /* Pods-Shelfie.release.xcconfig */;
			buildSettings = {
				ASSETCATALOG_COMPILER_APPICON_NAME = AppIcon;
				CODE_SIGN_IDENTITY = "iPhone Developer";
				CODE_SIGN_STYLE = Automatic;
				DEVELOPMENT_TEAM = "";
				INFOPLIST_FILE = Shelfie/Info.plist;
				LD_RUNPATH_SEARCH_PATHS = (
					"$(inherited)",
					"@executable_path/Frameworks",
				);
				PRODUCT_BUNDLE_IDENTIFIER = Shelfie.sh;
				PRODUCT_NAME = "$(TARGET_NAME)";
				PROVISIONING_PROFILE_SPECIFIER = "";
				TARGETED_DEVICE_FAMILY = "1,2";
			};
			name = Release;
		};
		CECB9BC1210A4E3D001D2032 /* Debug */ = {
			isa = XCBuildConfiguration;
			baseConfigurationReference = B736291ADBF925B02B3946E1 /* Pods-ShelfieTests.debug.xcconfig */;
			buildSettings = {
				BUNDLE_LOADER = "$(TEST_HOST)";
				CODE_SIGN_STYLE = Automatic;
				DEVELOPMENT_TEAM = HDF54N6KHN;
				INFOPLIST_FILE = ShelfieTests/Info.plist;
				LD_RUNPATH_SEARCH_PATHS = (
					"$(inherited)",
					"@executable_path/Frameworks",
					"@loader_path/Frameworks",
				);
				PRODUCT_BUNDLE_IDENTIFIER = booktrader.ShelfieTests;
				PRODUCT_NAME = "$(TARGET_NAME)";
				TARGETED_DEVICE_FAMILY = "1,2";
				TEST_HOST = "$(BUILT_PRODUCTS_DIR)/Shelfie.app/Shelfie";
			};
			name = Debug;
		};
		CECB9BC2210A4E3D001D2032 /* Release */ = {
			isa = XCBuildConfiguration;
			baseConfigurationReference = 4AC6ED6AF88CE7E9EC2CE6EF /* Pods-ShelfieTests.release.xcconfig */;
			buildSettings = {
				BUNDLE_LOADER = "$(TEST_HOST)";
				CODE_SIGN_STYLE = Automatic;
				DEVELOPMENT_TEAM = HDF54N6KHN;
				INFOPLIST_FILE = ShelfieTests/Info.plist;
				LD_RUNPATH_SEARCH_PATHS = (
					"$(inherited)",
					"@executable_path/Frameworks",
					"@loader_path/Frameworks",
				);
				PRODUCT_BUNDLE_IDENTIFIER = booktrader.ShelfieTests;
				PRODUCT_NAME = "$(TARGET_NAME)";
				TARGETED_DEVICE_FAMILY = "1,2";
				TEST_HOST = "$(BUILT_PRODUCTS_DIR)/Shelfie.app/Shelfie";
			};
			name = Release;
		};
		CECB9BC4210A4E3D001D2032 /* Debug */ = {
			isa = XCBuildConfiguration;
			baseConfigurationReference = 597273F60C3FFCE4839282BC /* Pods-ShelfieUITests.debug.xcconfig */;
			buildSettings = {
				CODE_SIGN_STYLE = Automatic;
				DEVELOPMENT_TEAM = HDF54N6KHN;
				INFOPLIST_FILE = ShelfieUITests/Info.plist;
				LD_RUNPATH_SEARCH_PATHS = (
					"$(inherited)",
					"@executable_path/Frameworks",
					"@loader_path/Frameworks",
				);
				PRODUCT_BUNDLE_IDENTIFIER = booktrader.ShelfieUITests;
				PRODUCT_NAME = "$(TARGET_NAME)";
				TARGETED_DEVICE_FAMILY = "1,2";
				TEST_TARGET_NAME = Shelfie;
			};
			name = Debug;
		};
		CECB9BC5210A4E3D001D2032 /* Release */ = {
			isa = XCBuildConfiguration;
			baseConfigurationReference = D812159C2E6EFFD51D08D5D8 /* Pods-ShelfieUITests.release.xcconfig */;
			buildSettings = {
				CODE_SIGN_STYLE = Automatic;
				DEVELOPMENT_TEAM = HDF54N6KHN;
				INFOPLIST_FILE = ShelfieUITests/Info.plist;
				LD_RUNPATH_SEARCH_PATHS = (
					"$(inherited)",
					"@executable_path/Frameworks",
					"@loader_path/Frameworks",
				);
				PRODUCT_BUNDLE_IDENTIFIER = booktrader.ShelfieUITests;
				PRODUCT_NAME = "$(TARGET_NAME)";
				TARGETED_DEVICE_FAMILY = "1,2";
				TEST_TARGET_NAME = Shelfie;
			};
			name = Release;
		};
/* End XCBuildConfiguration section */

/* Begin XCConfigurationList section */
		CECB9B8C210A4E3C001D2032 /* Build configuration list for PBXProject "Shelfie" */ = {
			isa = XCConfigurationList;
			buildConfigurations = (
				CECB9BBB210A4E3D001D2032 /* Debug */,
				CECB9BBC210A4E3D001D2032 /* Release */,
			);
			defaultConfigurationIsVisible = 0;
			defaultConfigurationName = Release;
		};
		CECB9BBD210A4E3D001D2032 /* Build configuration list for PBXNativeTarget "Shelfie" */ = {
			isa = XCConfigurationList;
			buildConfigurations = (
				CECB9BBE210A4E3D001D2032 /* Debug */,
				CECB9BBF210A4E3D001D2032 /* Release */,
			);
			defaultConfigurationIsVisible = 0;
			defaultConfigurationName = Release;
		};
		CECB9BC0210A4E3D001D2032 /* Build configuration list for PBXNativeTarget "ShelfieTests" */ = {
			isa = XCConfigurationList;
			buildConfigurations = (
				CECB9BC1210A4E3D001D2032 /* Debug */,
				CECB9BC2210A4E3D001D2032 /* Release */,
			);
			defaultConfigurationIsVisible = 0;
			defaultConfigurationName = Release;
		};
		CECB9BC3210A4E3D001D2032 /* Build configuration list for PBXNativeTarget "ShelfieUITests" */ = {
			isa = XCConfigurationList;
			buildConfigurations = (
				CECB9BC4210A4E3D001D2032 /* Debug */,
				CECB9BC5210A4E3D001D2032 /* Release */,
			);
			defaultConfigurationIsVisible = 0;
			defaultConfigurationName = Release;
		};
/* End XCConfigurationList section */
	};
	rootObject = CECB9B89210A4E3C001D2032 /* Project object */;
}
