// !$*UTF8*$!
{
	archiveVersion = 1;
	classes = {
	};
	objectVersion = 50;
	objects = {

/* Begin PBXBuildFile section */
		B197F831210A6E10004805D8 /* SideTableViewController.m in Sources */ = {isa = PBXBuildFile; fileRef = B197F830210A6E10004805D8 /* SideTableViewController.m */; };
		B197F839210A727E004805D8 /* SWRevealViewController.m in Sources */ = {isa = PBXBuildFile; fileRef = B197F838210A727E004805D8 /* SWRevealViewController.m */; };
		CECB9B96210A4E3C001D2032 /* AppDelegate.m in Sources */ = {isa = PBXBuildFile; fileRef = CECB9B95210A4E3C001D2032 /* AppDelegate.m */; };
		CECB9B99210A4E3C001D2032 /* ViewController.m in Sources */ = {isa = PBXBuildFile; fileRef = CECB9B98210A4E3C001D2032 /* ViewController.m */; };
		CECB9B9C210A4E3C001D2032 /* Main.storyboard in Resources */ = {isa = PBXBuildFile; fileRef = CECB9B9A210A4E3C001D2032 /* Main.storyboard */; };
		CECB9B9E210A4E3D001D2032 /* Assets.xcassets in Resources */ = {isa = PBXBuildFile; fileRef = CECB9B9D210A4E3D001D2032 /* Assets.xcassets */; };
		CECB9BA1210A4E3D001D2032 /* LaunchScreen.storyboard in Resources */ = {isa = PBXBuildFile; fileRef = CECB9B9F210A4E3D001D2032 /* LaunchScreen.storyboard */; };
		CECB9BA4210A4E3D001D2032 /* main.m in Sources */ = {isa = PBXBuildFile; fileRef = CECB9BA3210A4E3D001D2032 /* main.m */; };
		CECB9BAE210A4E3D001D2032 /* ShelfieTests.m in Sources */ = {isa = PBXBuildFile; fileRef = CECB9BAD210A4E3D001D2032 /* ShelfieTests.m */; };
		CECB9BB9210A4E3D001D2032 /* ShelfieUITests.m in Sources */ = {isa = PBXBuildFile; fileRef = CECB9BB8210A4E3D001D2032 /* ShelfieUITests.m */; };
/* End PBXBuildFile section */

/* Begin PBXContainerItemProxy section */
		CECB9BAA210A4E3D001D2032 /* PBXContainerItemProxy */ = {
			isa = PBXContainerItemProxy;
			containerPortal = CECB9B89210A4E3C001D2032 /* Project object */;
			proxyType = 1;
			remoteGlobalIDString = CECB9B90210A4E3C001D2032;
			remoteInfo = Shelfie;
		};
		CECB9BB5210A4E3D001D2032 /* PBXContainerItemProxy */ = {
			isa = PBXContainerItemProxy;
			containerPortal = CECB9B89210A4E3C001D2032 /* Project object */;
			proxyType = 1;
			remoteGlobalIDString = CECB9B90210A4E3C001D2032;
			remoteInfo = Shelfie;
		};
/* End PBXContainerItemProxy section */

/* Begin PBXFileReference section */
		B197F82F210A6E10004805D8 /* SideTableViewController.h */ = {isa = PBXFileReference; lastKnownFileType = sourcecode.c.h; path = SideTableViewController.h; sourceTree = "<group>"; };
		B197F830210A6E10004805D8 /* SideTableViewController.m */ = {isa = PBXFileReference; lastKnownFileType = sourcecode.c.objc; path = SideTableViewController.m; sourceTree = "<group>"; };
		B197F837210A727E004805D8 /* SWRevealViewController.h */ = {isa = PBXFileReference; fileEncoding = 4; lastKnownFileType = sourcecode.c.h; name = SWRevealViewController.h; path = "../../../../../Downloads/SWRevealViewController-master 3/SWRevealViewController/SWRevealViewController.h"; sourceTree = "<group>"; };
		B197F838210A727E004805D8 /* SWRevealViewController.m */ = {isa = PBXFileReference; fileEncoding = 4; lastKnownFileType = sourcecode.c.objc; name = SWRevealViewController.m; path = "../../../../../Downloads/SWRevealViewController-master 3/SWRevealViewController/SWRevealViewController.m"; sourceTree = "<group>"; };
		CECB9B91210A4E3C001D2032 /* Shelfie.app */ = {isa = PBXFileReference; explicitFileType = wrapper.application; includeInIndex = 0; path = Shelfie.app; sourceTree = BUILT_PRODUCTS_DIR; };
		CECB9B94210A4E3C001D2032 /* AppDelegate.h */ = {isa = PBXFileReference; lastKnownFileType = sourcecode.c.h; path = AppDelegate.h; sourceTree = "<group>"; };
		CECB9B95210A4E3C001D2032 /* AppDelegate.m */ = {isa = PBXFileReference; lastKnownFileType = sourcecode.c.objc; path = AppDelegate.m; sourceTree = "<group>"; };
		CECB9B97210A4E3C001D2032 /* ViewController.h */ = {isa = PBXFileReference; lastKnownFileType = sourcecode.c.h; path = ViewController.h; sourceTree = "<group>"; };
		CECB9B98210A4E3C001D2032 /* ViewController.m */ = {isa = PBXFileReference; lastKnownFileType = sourcecode.c.objc; path = ViewController.m; sourceTree = "<group>"; };
		CECB9B9B210A4E3C001D2032 /* Base */ = {isa = PBXFileReference; lastKnownFileType = file.storyboard; name = Base; path = Base.lproj/Main.storyboard; sourceTree = "<group>"; };
		CECB9B9D210A4E3D001D2032 /* Assets.xcassets */ = {isa = PBXFileReference; lastKnownFileType = folder.assetcatalog; path = Assets.xcassets; sourceTree = "<group>"; };
		CECB9BA0210A4E3D001D2032 /* Base */ = {isa = PBXFileReference; lastKnownFileType = file.storyboard; name = Base; path = Base.lproj/LaunchScreen.storyboard; sourceTree = "<group>"; };
		CECB9BA2210A4E3D001D2032 /* Info.plist */ = {isa = PBXFileReference; lastKnownFileType = text.plist.xml; path = Info.plist; sourceTree = "<group>"; };
		CECB9BA3210A4E3D001D2032 /* main.m */ = {isa = PBXFileReference; lastKnownFileType = sourcecode.c.objc; path = main.m; sourceTree = "<group>"; };
		CECB9BA9210A4E3D001D2032 /* ShelfieTests.xctest */ = {isa = PBXFileReference; explicitFileType = wrapper.cfbundle; includeInIndex = 0; path = ShelfieTests.xctest; sourceTree = BUILT_PRODUCTS_DIR; };
		CECB9BAD210A4E3D001D2032 /* ShelfieTests.m */ = {isa = PBXFileReference; lastKnownFileType = sourcecode.c.objc; path = ShelfieTests.m; sourceTree = "<group>"; };
		CECB9BAF210A4E3D001D2032 /* Info.plist */ = {isa = PBXFileReference; lastKnownFileType = text.plist.xml; path = Info.plist; sourceTree = "<group>"; };
		CECB9BB4210A4E3D001D2032 /* ShelfieUITests.xctest */ = {isa = PBXFileReference; explicitFileType = wrapper.cfbundle; includeInIndex = 0; path = ShelfieUITests.xctest; sourceTree = BUILT_PRODUCTS_DIR; };
		CECB9BB8210A4E3D001D2032 /* ShelfieUITests.m */ = {isa = PBXFileReference; lastKnownFileType = sourcecode.c.objc; path = ShelfieUITests.m; sourceTree = "<group>"; };
		CECB9BBA210A4E3D001D2032 /* Info.plist */ = {isa = PBXFileReference; lastKnownFileType = text.plist.xml; path = Info.plist; sourceTree = "<group>"; };
/* End PBXFileReference section */

/* Begin PBXFrameworksBuildPhase section */
		CECB9B8E210A4E3C001D2032 /* Frameworks */ = {
			isa = PBXFrameworksBuildPhase;
			buildActionMask = 2147483647;
			files = (
			);
			runOnlyForDeploymentPostprocessing = 0;
		};
		CECB9BA6210A4E3D001D2032 /* Frameworks */ = {
			isa = PBXFrameworksBuildPhase;
			buildActionMask = 2147483647;
			files = (
			);
			runOnlyForDeploymentPostprocessing = 0;
		};
		CECB9BB1210A4E3D001D2032 /* Frameworks */ = {
			isa = PBXFrameworksBuildPhase;
			buildActionMask = 2147483647;
			files = (
			);
			runOnlyForDeploymentPostprocessing = 0;
		};
/* End PBXFrameworksBuildPhase section */

/* Begin PBXGroup section */
		B197F832210A6E82004805D8 /* SWRevealViewController */ = {
			isa = PBXGroup;
			children = (
				B197F837210A727E004805D8 /* SWRevealViewController.h */,
				B197F838210A727E004805D8 /* SWRevealViewController.m */,
			);
			path = SWRevealViewController;
			sourceTree = "<group>";
		};
		CECB9B88210A4E3C001D2032 = {
			isa = PBXGroup;
			children = (
				CECB9B93210A4E3C001D2032 /* Shelfie */,
				CECB9BAC210A4E3D001D2032 /* ShelfieTests */,
				CECB9BB7210A4E3D001D2032 /* ShelfieUITests */,
				CECB9B92210A4E3C001D2032 /* Products */,
			);
			sourceTree = "<group>";
		};
		CECB9B92210A4E3C001D2032 /* Products */ = {
			isa = PBXGroup;
			children = (
				CECB9B91210A4E3C001D2032 /* Shelfie.app */,
				CECB9BA9210A4E3D001D2032 /* ShelfieTests.xctest */,
				CECB9BB4210A4E3D001D2032 /* ShelfieUITests.xctest */,
			);
			name = Products;
			sourceTree = "<group>";
		};
		CECB9B93210A4E3C001D2032 /* Shelfie */ = {
			isa = PBXGroup;
			children = (
				B197F832210A6E82004805D8 /* SWRevealViewController */,
				CECB9B94210A4E3C001D2032 /* AppDelegate.h */,
				CECB9B95210A4E3C001D2032 /* AppDelegate.m */,
				CECB9B97210A4E3C001D2032 /* ViewController.h */,
				CECB9B98210A4E3C001D2032 /* ViewController.m */,
				B197F82F210A6E10004805D8 /* SideTableViewController.h */,
				B197F830210A6E10004805D8 /* SideTableViewController.m */,
				CECB9B9A210A4E3C001D2032 /* Main.storyboard */,
				CECB9B9D210A4E3D001D2032 /* Assets.xcassets */,
				CECB9B9F210A4E3D001D2032 /* LaunchScreen.storyboard */,
				CECB9BA2210A4E3D001D2032 /* Info.plist */,
				CECB9BA3210A4E3D001D2032 /* main.m */,
			);
			path = Shelfie;
			sourceTree = "<group>";
		};
		CECB9BAC210A4E3D001D2032 /* ShelfieTests */ = {
			isa = PBXGroup;
			children = (
				CECB9BAD210A4E3D001D2032 /* ShelfieTests.m */,
				CECB9BAF210A4E3D001D2032 /* Info.plist */,
			);
			path = ShelfieTests;
			sourceTree = "<group>";
		};
		CECB9BB7210A4E3D001D2032 /* ShelfieUITests */ = {
			isa = PBXGroup;
			children = (
				CECB9BB8210A4E3D001D2032 /* ShelfieUITests.m */,
				CECB9BBA210A4E3D001D2032 /* Info.plist */,
			);
			path = ShelfieUITests;
			sourceTree = "<group>";
		};
/* End PBXGroup section */

/* Begin PBXNativeTarget section */
		CECB9B90210A4E3C001D2032 /* Shelfie */ = {
			isa = PBXNativeTarget;
			buildConfigurationList = CECB9BBD210A4E3D001D2032 /* Build configuration list for PBXNativeTarget "Shelfie" */;
			buildPhases = (
				CECB9B8D210A4E3C001D2032 /* Sources */,
				CECB9B8E210A4E3C001D2032 /* Frameworks */,
				CECB9B8F210A4E3C001D2032 /* Resources */,
			);
			buildRules = (
			);
			dependencies = (
			);
			name = Shelfie;
			productName = Shelfie;
			productReference = CECB9B91210A4E3C001D2032 /* Shelfie.app */;
			productType = "com.apple.product-type.application";
		};
		CECB9BA8210A4E3D001D2032 /* ShelfieTests */ = {
			isa = PBXNativeTarget;
			buildConfigurationList = CECB9BC0210A4E3D001D2032 /* Build configuration list for PBXNativeTarget "ShelfieTests" */;
			buildPhases = (
				CECB9BA5210A4E3D001D2032 /* Sources */,
				CECB9BA6210A4E3D001D2032 /* Frameworks */,
				CECB9BA7210A4E3D001D2032 /* Resources */,
			);
			buildRules = (
			);
			dependencies = (
				CECB9BAB210A4E3D001D2032 /* PBXTargetDependency */,
			);
			name = ShelfieTests;
			productName = ShelfieTests;
			productReference = CECB9BA9210A4E3D001D2032 /* ShelfieTests.xctest */;
			productType = "com.apple.product-type.bundle.unit-test";
		};
		CECB9BB3210A4E3D001D2032 /* ShelfieUITests */ = {
			isa = PBXNativeTarget;
			buildConfigurationList = CECB9BC3210A4E3D001D2032 /* Build configuration list for PBXNativeTarget "ShelfieUITests" */;
			buildPhases = (
				CECB9BB0210A4E3D001D2032 /* Sources */,
				CECB9BB1210A4E3D001D2032 /* Frameworks */,
				CECB9BB2210A4E3D001D2032 /* Resources */,
			);
			buildRules = (
			);
			dependencies = (
				CECB9BB6210A4E3D001D2032 /* PBXTargetDependency */,
			);
			name = ShelfieUITests;
			productName = ShelfieUITests;
			productReference = CECB9BB4210A4E3D001D2032 /* ShelfieUITests.xctest */;
			productType = "com.apple.product-type.bundle.ui-testing";
		};
/* End PBXNativeTarget section */

/* Begin PBXProject section */
		CECB9B89210A4E3C001D2032 /* Project object */ = {
			isa = PBXProject;
			attributes = {
				LastUpgradeCheck = 0940;
				ORGANIZATIONNAME = BookTrader;
				TargetAttributes = {
					CECB9B90210A4E3C001D2032 = {
						CreatedOnToolsVersion = 9.4.1;
					};
					CECB9BA8210A4E3D001D2032 = {
						CreatedOnToolsVersion = 9.4.1;
						TestTargetID = CECB9B90210A4E3C001D2032;
					};
					CECB9BB3210A4E3D001D2032 = {
						CreatedOnToolsVersion = 9.4.1;
						TestTargetID = CECB9B90210A4E3C001D2032;
					};
				};
			};
			buildConfigurationList = CECB9B8C210A4E3C001D2032 /* Build configuration list for PBXProject "Shelfie" */;
			compatibilityVersion = "Xcode 9.3";
			developmentRegion = en;
			hasScannedForEncodings = 0;
			knownRegions = (
				en,
				Base,
			);
			mainGroup = CECB9B88210A4E3C001D2032;
			productRefGroup = CECB9B92210A4E3C001D2032 /* Products */;
			projectDirPath = "";
			projectRoot = "";
			targets = (
				CECB9B90210A4E3C001D2032 /* Shelfie */,
				CECB9BA8210A4E3D001D2032 /* ShelfieTests */,
				CECB9BB3210A4E3D001D2032 /* ShelfieUITests */,
			);
		};
/* End PBXProject section */

/* Begin PBXResourcesBuildPhase section */
		CECB9B8F210A4E3C001D2032 /* Resources */ = {
			isa = PBXResourcesBuildPhase;
			buildActionMask = 2147483647;
			files = (
				CECB9BA1210A4E3D001D2032 /* LaunchScreen.storyboard in Resources */,
				CECB9B9E210A4E3D001D2032 /* Assets.xcassets in Resources */,
				CECB9B9C210A4E3C001D2032 /* Main.storyboard in Resources */,
			);
			runOnlyForDeploymentPostprocessing = 0;
		};
		CECB9BA7210A4E3D001D2032 /* Resources */ = {
			isa = PBXResourcesBuildPhase;
			buildActionMask = 2147483647;
			files = (
			);
			runOnlyForDeploymentPostprocessing = 0;
		};
		CECB9BB2210A4E3D001D2032 /* Resources */ = {
			isa = PBXResourcesBuildPhase;
			buildActionMask = 2147483647;
			files = (
			);
			runOnlyForDeploymentPostprocessing = 0;
		};
/* End PBXResourcesBuildPhase section */

/* Begin PBXSourcesBuildPhase section */
		CECB9B8D210A4E3C001D2032 /* Sources */ = {
			isa = PBXSourcesBuildPhase;
			buildActionMask = 2147483647;
			files = (
				B197F831210A6E10004805D8 /* SideTableViewController.m in Sources */,
				CECB9B99210A4E3C001D2032 /* ViewController.m in Sources */,
				B197F839210A727E004805D8 /* SWRevealViewController.m in Sources */,
				CECB9BA4210A4E3D001D2032 /* main.m in Sources */,
				CECB9B96210A4E3C001D2032 /* AppDelegate.m in Sources */,
			);
			runOnlyForDeploymentPostprocessing = 0;
		};
		CECB9BA5210A4E3D001D2032 /* Sources */ = {
			isa = PBXSourcesBuildPhase;
			buildActionMask = 2147483647;
			files = (
				CECB9BAE210A4E3D001D2032 /* ShelfieTests.m in Sources */,
			);
			runOnlyForDeploymentPostprocessing = 0;
		};
		CECB9BB0210A4E3D001D2032 /* Sources */ = {
			isa = PBXSourcesBuildPhase;
			buildActionMask = 2147483647;
			files = (
				CECB9BB9210A4E3D001D2032 /* ShelfieUITests.m in Sources */,
			);
			runOnlyForDeploymentPostprocessing = 0;
		};
/* End PBXSourcesBuildPhase section */

/* Begin PBXTargetDependency section */
		CECB9BAB210A4E3D001D2032 /* PBXTargetDependency */ = {
			isa = PBXTargetDependency;
			target = CECB9B90210A4E3C001D2032 /* Shelfie */;
			targetProxy = CECB9BAA210A4E3D001D2032 /* PBXContainerItemProxy */;
		};
		CECB9BB6210A4E3D001D2032 /* PBXTargetDependency */ = {
			isa = PBXTargetDependency;
			target = CECB9B90210A4E3C001D2032 /* Shelfie */;
			targetProxy = CECB9BB5210A4E3D001D2032 /* PBXContainerItemProxy */;
		};
/* End PBXTargetDependency section */

/* Begin PBXVariantGroup section */
		CECB9B9A210A4E3C001D2032 /* Main.storyboard */ = {
			isa = PBXVariantGroup;
			children = (
				CECB9B9B210A4E3C001D2032 /* Base */,
			);
			name = Main.storyboard;
			sourceTree = "<group>";
		};
		CECB9B9F210A4E3D001D2032 /* LaunchScreen.storyboard */ = {
			isa = PBXVariantGroup;
			children = (
				CECB9BA0210A4E3D001D2032 /* Base */,
			);
			name = LaunchScreen.storyboard;
			sourceTree = "<group>";
		};
/* End PBXVariantGroup section */

/* Begin XCBuildConfiguration section */
		CECB9BBB210A4E3D001D2032 /* Debug */ = {
			isa = XCBuildConfiguration;
			buildSettings = {
				ALWAYS_SEARCH_USER_PATHS = NO;
				CLANG_ANALYZER_NONNULL = YES;
				CLANG_ANALYZER_NUMBER_OBJECT_CONVERSION = YES_AGGRESSIVE;
				CLANG_CXX_LANGUAGE_STANDARD = "gnu++14";
				CLANG_CXX_LIBRARY = "libc++";
				CLANG_ENABLE_MODULES = YES;
				CLANG_ENABLE_OBJC_ARC = YES;
				CLANG_ENABLE_OBJC_WEAK = YES;
				CLANG_WARN_BLOCK_CAPTURE_AUTORELEASING = YES;
				CLANG_WARN_BOOL_CONVERSION = YES;
				CLANG_WARN_COMMA = YES;
				CLANG_WARN_CONSTANT_CONVERSION = YES;
				CLANG_WARN_DEPRECATED_OBJC_IMPLEMENTATIONS = YES;
				CLANG_WARN_DIRECT_OBJC_ISA_USAGE = YES_ERROR;
				CLANG_WARN_DOCUMENTATION_COMMENTS = YES;
				CLANG_WARN_EMPTY_BODY = YES;
				CLANG_WARN_ENUM_CONVERSION = YES;
				CLANG_WARN_INFINITE_RECURSION = YES;
				CLANG_WARN_INT_CONVERSION = YES;
				CLANG_WARN_NON_LITERAL_NULL_CONVERSION = YES;
				CLANG_WARN_OBJC_IMPLICIT_RETAIN_SELF = YES;
				CLANG_WARN_OBJC_LITERAL_CONVERSION = YES;
				CLANG_WARN_OBJC_ROOT_CLASS = YES_ERROR;
				CLANG_WARN_RANGE_LOOP_ANALYSIS = YES;
				CLANG_WARN_STRICT_PROTOTYPES = YES;
				CLANG_WARN_SUSPICIOUS_MOVE = YES;
				CLANG_WARN_UNGUARDED_AVAILABILITY = YES_AGGRESSIVE;
				CLANG_WARN_UNREACHABLE_CODE = YES;
				CLANG_WARN__DUPLICATE_METHOD_MATCH = YES;
				CODE_SIGN_IDENTITY = "iPhone Developer";
				COPY_PHASE_STRIP = NO;
				DEBUG_INFORMATION_FORMAT = dwarf;
				ENABLE_STRICT_OBJC_MSGSEND = YES;
				ENABLE_TESTABILITY = YES;
				GCC_C_LANGUAGE_STANDARD = gnu11;
				GCC_DYNAMIC_NO_PIC = NO;
				GCC_NO_COMMON_BLOCKS = YES;
				GCC_OPTIMIZATION_LEVEL = 0;
				GCC_PREPROCESSOR_DEFINITIONS = (
					"DEBUG=1",
					"$(inherited)",
				);
				GCC_WARN_64_TO_32_BIT_CONVERSION = YES;
				GCC_WARN_ABOUT_RETURN_TYPE = YES_ERROR;
				GCC_WARN_UNDECLARED_SELECTOR = YES;
				GCC_WARN_UNINITIALIZED_AUTOS = YES_AGGRESSIVE;
				GCC_WARN_UNUSED_FUNCTION = YES;
				GCC_WARN_UNUSED_VARIABLE = YES;
				IPHONEOS_DEPLOYMENT_TARGET = 11.4;
				MTL_ENABLE_DEBUG_INFO = YES;
				ONLY_ACTIVE_ARCH = YES;
				SDKROOT = iphoneos;
			};
			name = Debug;
		};
		CECB9BBC210A4E3D001D2032 /* Release */ = {
			isa = XCBuildConfiguration;
			buildSettings = {
				ALWAYS_SEARCH_USER_PATHS = NO;
				CLANG_ANALYZER_NONNULL = YES;
				CLANG_ANALYZER_NUMBER_OBJECT_CONVERSION = YES_AGGRESSIVE;
				CLANG_CXX_LANGUAGE_STANDARD = "gnu++14";
				CLANG_CXX_LIBRARY = "libc++";
				CLANG_ENABLE_MODULES = YES;
				CLANG_ENABLE_OBJC_ARC = YES;
				CLANG_ENABLE_OBJC_WEAK = YES;
				CLANG_WARN_BLOCK_CAPTURE_AUTORELEASING = YES;
				CLANG_WARN_BOOL_CONVERSION = YES;
				CLANG_WARN_COMMA = YES;
				CLANG_WARN_CONSTANT_CONVERSION = YES;
				CLANG_WARN_DEPRECATED_OBJC_IMPLEMENTATIONS = YES;
				CLANG_WARN_DIRECT_OBJC_ISA_USAGE = YES_ERROR;
				CLANG_WARN_DOCUMENTATION_COMMENTS = YES;
				CLANG_WARN_EMPTY_BODY = YES;
				CLANG_WARN_ENUM_CONVERSION = YES;
				CLANG_WARN_INFINITE_RECURSION = YES;
				CLANG_WARN_INT_CONVERSION = YES;
				CLANG_WARN_NON_LITERAL_NULL_CONVERSION = YES;
				CLANG_WARN_OBJC_IMPLICIT_RETAIN_SELF = YES;
				CLANG_WARN_OBJC_LITERAL_CONVERSION = YES;
				CLANG_WARN_OBJC_ROOT_CLASS = YES_ERROR;
				CLANG_WARN_RANGE_LOOP_ANALYSIS = YES;
				CLANG_WARN_STRICT_PROTOTYPES = YES;
				CLANG_WARN_SUSPICIOUS_MOVE = YES;
				CLANG_WARN_UNGUARDED_AVAILABILITY = YES_AGGRESSIVE;
				CLANG_WARN_UNREACHABLE_CODE = YES;
				CLANG_WARN__DUPLICATE_METHOD_MATCH = YES;
				CODE_SIGN_IDENTITY = "iPhone Developer";
				COPY_PHASE_STRIP = NO;
				DEBUG_INFORMATION_FORMAT = "dwarf-with-dsym";
				ENABLE_NS_ASSERTIONS = NO;
				ENABLE_STRICT_OBJC_MSGSEND = YES;
				GCC_C_LANGUAGE_STANDARD = gnu11;
				GCC_NO_COMMON_BLOCKS = YES;
				GCC_WARN_64_TO_32_BIT_CONVERSION = YES;
				GCC_WARN_ABOUT_RETURN_TYPE = YES_ERROR;
				GCC_WARN_UNDECLARED_SELECTOR = YES;
				GCC_WARN_UNINITIALIZED_AUTOS = YES_AGGRESSIVE;
				GCC_WARN_UNUSED_FUNCTION = YES;
				GCC_WARN_UNUSED_VARIABLE = YES;
				IPHONEOS_DEPLOYMENT_TARGET = 11.4;
				MTL_ENABLE_DEBUG_INFO = NO;
				SDKROOT = iphoneos;
				VALIDATE_PRODUCT = YES;
			};
			name = Release;
		};
		CECB9BBE210A4E3D001D2032 /* Debug */ = {
			isa = XCBuildConfiguration;
			buildSettings = {
				ASSETCATALOG_COMPILER_APPICON_NAME = AppIcon;
				CODE_SIGN_IDENTITY = "iPhone Developer";
				CODE_SIGN_STYLE = Automatic;
				DEVELOPMENT_TEAM = PH9LZZN4D9;
				INFOPLIST_FILE = Shelfie/Info.plist;
				LD_RUNPATH_SEARCH_PATHS = (
					"$(inherited)",
					"@executable_path/Frameworks",
				);
				PRODUCT_BUNDLE_IDENTIFIER = booktrader.Shelfie2;
				PRODUCT_NAME = "$(TARGET_NAME)";
				PROVISIONING_PROFILE_SPECIFIER = "";
				TARGETED_DEVICE_FAMILY = "1,2";
			};
			name = Debug;
		};
		CECB9BBF210A4E3D001D2032 /* Release */ = {
			isa = XCBuildConfiguration;
			buildSettings = {
				ASSETCATALOG_COMPILER_APPICON_NAME = AppIcon;
				CODE_SIGN_IDENTITY = "iPhone Developer";
				CODE_SIGN_STYLE = Automatic;
				DEVELOPMENT_TEAM = PH9LZZN4D9;
				INFOPLIST_FILE = Shelfie/Info.plist;
				LD_RUNPATH_SEARCH_PATHS = (
					"$(inherited)",
					"@executable_path/Frameworks",
				);
				PRODUCT_BUNDLE_IDENTIFIER = booktrader.Shelfie2;
				PRODUCT_NAME = "$(TARGET_NAME)";
				PROVISIONING_PROFILE_SPECIFIER = "";
				TARGETED_DEVICE_FAMILY = "1,2";
			};
			name = Release;
		};
		CECB9BC1210A4E3D001D2032 /* Debug */ = {
			isa = XCBuildConfiguration;
			buildSettings = {
				BUNDLE_LOADER = "$(TEST_HOST)";
				CODE_SIGN_STYLE = Automatic;
				DEVELOPMENT_TEAM = HDF54N6KHN;
				INFOPLIST_FILE = ShelfieTests/Info.plist;
				LD_RUNPATH_SEARCH_PATHS = (
					"$(inherited)",
					"@executable_path/Frameworks",
					"@loader_path/Frameworks",
				);
				PRODUCT_BUNDLE_IDENTIFIER = booktrader.ShelfieTests;
				PRODUCT_NAME = "$(TARGET_NAME)";
				TARGETED_DEVICE_FAMILY = "1,2";
				TEST_HOST = "$(BUILT_PRODUCTS_DIR)/Shelfie.app/Shelfie";
			};
			name = Debug;
		};
		CECB9BC2210A4E3D001D2032 /* Release */ = {
			isa = XCBuildConfiguration;
			buildSettings = {
				BUNDLE_LOADER = "$(TEST_HOST)";
				CODE_SIGN_STYLE = Automatic;
				DEVELOPMENT_TEAM = HDF54N6KHN;
				INFOPLIST_FILE = ShelfieTests/Info.plist;
				LD_RUNPATH_SEARCH_PATHS = (
					"$(inherited)",
					"@executable_path/Frameworks",
					"@loader_path/Frameworks",
				);
				PRODUCT_BUNDLE_IDENTIFIER = booktrader.ShelfieTests;
				PRODUCT_NAME = "$(TARGET_NAME)";
				TARGETED_DEVICE_FAMILY = "1,2";
				TEST_HOST = "$(BUILT_PRODUCTS_DIR)/Shelfie.app/Shelfie";
			};
			name = Release;
		};
		CECB9BC4210A4E3D001D2032 /* Debug */ = {
			isa = XCBuildConfiguration;
			buildSettings = {
				CODE_SIGN_STYLE = Automatic;
				DEVELOPMENT_TEAM = HDF54N6KHN;
				INFOPLIST_FILE = ShelfieUITests/Info.plist;
				LD_RUNPATH_SEARCH_PATHS = (
					"$(inherited)",
					"@executable_path/Frameworks",
					"@loader_path/Frameworks",
				);
				PRODUCT_BUNDLE_IDENTIFIER = booktrader.ShelfieUITests;
				PRODUCT_NAME = "$(TARGET_NAME)";
				TARGETED_DEVICE_FAMILY = "1,2";
				TEST_TARGET_NAME = Shelfie;
			};
			name = Debug;
		};
		CECB9BC5210A4E3D001D2032 /* Release */ = {
			isa = XCBuildConfiguration;
			buildSettings = {
				CODE_SIGN_STYLE = Automatic;
				DEVELOPMENT_TEAM = HDF54N6KHN;
				INFOPLIST_FILE = ShelfieUITests/Info.plist;
				LD_RUNPATH_SEARCH_PATHS = (
					"$(inherited)",
					"@executable_path/Frameworks",
					"@loader_path/Frameworks",
				);
				PRODUCT_BUNDLE_IDENTIFIER = booktrader.ShelfieUITests;
				PRODUCT_NAME = "$(TARGET_NAME)";
				TARGETED_DEVICE_FAMILY = "1,2";
				TEST_TARGET_NAME = Shelfie;
			};
			name = Release;
		};
/* End XCBuildConfiguration section */

/* Begin XCConfigurationList section */
		CECB9B8C210A4E3C001D2032 /* Build configuration list for PBXProject "Shelfie" */ = {
			isa = XCConfigurationList;
			buildConfigurations = (
				CECB9BBB210A4E3D001D2032 /* Debug */,
				CECB9BBC210A4E3D001D2032 /* Release */,
			);
			defaultConfigurationIsVisible = 0;
			defaultConfigurationName = Release;
		};
		CECB9BBD210A4E3D001D2032 /* Build configuration list for PBXNativeTarget "Shelfie" */ = {
			isa = XCConfigurationList;
			buildConfigurations = (
				CECB9BBE210A4E3D001D2032 /* Debug */,
				CECB9BBF210A4E3D001D2032 /* Release */,
			);
			defaultConfigurationIsVisible = 0;
			defaultConfigurationName = Release;
		};
		CECB9BC0210A4E3D001D2032 /* Build configuration list for PBXNativeTarget "ShelfieTests" */ = {
			isa = XCConfigurationList;
			buildConfigurations = (
				CECB9BC1210A4E3D001D2032 /* Debug */,
				CECB9BC2210A4E3D001D2032 /* Release */,
			);
			defaultConfigurationIsVisible = 0;
			defaultConfigurationName = Release;
		};
		CECB9BC3210A4E3D001D2032 /* Build configuration list for PBXNativeTarget "ShelfieUITests" */ = {
			isa = XCConfigurationList;
			buildConfigurations = (
				CECB9BC4210A4E3D001D2032 /* Debug */,
				CECB9BC5210A4E3D001D2032 /* Release */,
			);
			defaultConfigurationIsVisible = 0;
			defaultConfigurationName = Release;
		};
/* End XCConfigurationList section */
	};
	rootObject = CECB9B89210A4E3C001D2032 /* Project object */;
}
